// !$*UTF8*$!
{
	archiveVersion = 1;
	classes = {
	};
	objectVersion = 77;
	objects = {

/* Begin PBXBuildFile section */
		6F5534372E8FE5E200DC8743 /* Clibsodium in Frameworks */ = {isa = PBXBuildFile; productRef = 6F5534362E8FE5E200DC8743 /* Clibsodium */; };
		6F5534392E8FE5E200DC8743 /* Sodium in Frameworks */ = {isa = PBXBuildFile; productRef = 6F5534382E8FE5E200DC8743 /* Sodium */; };
/* End PBXBuildFile section */

/* Begin PBXContainerItemProxy section */
		6F4E43B22E6FE41400570861 /* PBXContainerItemProxy */ = {
			isa = PBXContainerItemProxy;
			containerPortal = 6F4E439B2E6FE41300570861 /* Project object */;
			proxyType = 1;
			remoteGlobalIDString = 6F4E43A22E6FE41300570861;
			remoteInfo = OpenPhotos;
		};
		6F4E43BC2E6FE41400570861 /* PBXContainerItemProxy */ = {
			isa = PBXContainerItemProxy;
			containerPortal = 6F4E439B2E6FE41300570861 /* Project object */;
			proxyType = 1;
			remoteGlobalIDString = 6F4E43A22E6FE41300570861;
			remoteInfo = OpenPhotos;
		};
/* End PBXContainerItemProxy section */

/* Begin PBXFileReference section */
		6F4E43A32E6FE41300570861 /* OpenPhotos.app */ = {isa = PBXFileReference; explicitFileType = wrapper.application; includeInIndex = 0; path = OpenPhotos.app; sourceTree = BUILT_PRODUCTS_DIR; };
		6F4E43B12E6FE41400570861 /* OpenPhotosTests.xctest */ = {isa = PBXFileReference; explicitFileType = wrapper.cfbundle; includeInIndex = 0; path = OpenPhotosTests.xctest; sourceTree = BUILT_PRODUCTS_DIR; };
		6F4E43BB2E6FE41400570861 /* OpenPhotosUITests.xctest */ = {isa = PBXFileReference; explicitFileType = wrapper.cfbundle; includeInIndex = 0; path = OpenPhotosUITests.xctest; sourceTree = BUILT_PRODUCTS_DIR; };
		6F5B70A62E701282001D0A5C /* OpenPhotos.xcodeproj */ = {isa = PBXFileReference; lastKnownFileType = "wrapper.pb-project"; path = OpenPhotos.xcodeproj; sourceTree = "<group>"; };
		6F5B70BC2E7013AC001D0A5C /* OpenPhotos.xcodeproj */ = {isa = PBXFileReference; lastKnownFileType = "wrapper.pb-project"; path = OpenPhotos.xcodeproj; sourceTree = "<group>"; };
		6F5B70D52E70164C001D0A5C /* OpenPhotos.xcodeproj */ = {isa = PBXFileReference; lastKnownFileType = "wrapper.pb-project"; path = OpenPhotos.xcodeproj; sourceTree = "<group>"; };
		6F5B71072E7017EB001D0A5C /* OpenPhotos.xcodeproj */ = {isa = PBXFileReference; lastKnownFileType = "wrapper.pb-project"; path = OpenPhotos.xcodeproj; sourceTree = "<group>"; };
/* End PBXFileReference section */

/* Begin PBXFileSystemSynchronizedRootGroup section */
		6F4E43A52E6FE41300570861 /* OpenPhotos */ = {
			isa = PBXFileSystemSynchronizedRootGroup;
			path = OpenPhotos;
			sourceTree = "<group>";
		};
/* End PBXFileSystemSynchronizedRootGroup section */

/* Begin PBXFrameworksBuildPhase section */
		6F4E43A02E6FE41300570861 /* Frameworks */ = {
			isa = PBXFrameworksBuildPhase;
			buildActionMask = 2147483647;
			files = (
				6F5534372E8FE5E200DC8743 /* Clibsodium in Frameworks */,
				6F5534392E8FE5E200DC8743 /* Sodium in Frameworks */,
			);
			runOnlyForDeploymentPostprocessing = 0;
		};
		6F4E43AE2E6FE41400570861 /* Frameworks */ = {
			isa = PBXFrameworksBuildPhase;
			buildActionMask = 2147483647;
			files = (
			);
			runOnlyForDeploymentPostprocessing = 0;
		};
		6F4E43B82E6FE41400570861 /* Frameworks */ = {
			isa = PBXFrameworksBuildPhase;
			buildActionMask = 2147483647;
			files = (
			);
			runOnlyForDeploymentPostprocessing = 0;
		};
/* End PBXFrameworksBuildPhase section */

/* Begin PBXGroup section */
		6F4E439A2E6FE41300570861 = {
			isa = PBXGroup;
			children = (
				6F4E43A52E6FE41300570861 /* OpenPhotos */,
				6F4E43A42E6FE41300570861 /* Products */,
			);
			sourceTree = "<group>";
		};
		6F4E43A42E6FE41300570861 /* Products */ = {
			isa = PBXGroup;
			children = (
				6F4E43A32E6FE41300570861 /* OpenPhotos.app */,
				6F4E43B12E6FE41400570861 /* OpenPhotosTests.xctest */,
				6F4E43BB2E6FE41400570861 /* OpenPhotosUITests.xctest */,
			);
			name = Products;
			sourceTree = "<group>";
		};
		6F5B70AF2E701282001D0A5C /* Products */ = {
			isa = PBXGroup;
			name = Products;
			sourceTree = "<group>";
		};
		6F5B70C42E7013AC001D0A5C /* Products */ = {
			isa = PBXGroup;
			name = Products;
			sourceTree = "<group>";
		};
		6F5B70DF2E70164C001D0A5C /* Products */ = {
			isa = PBXGroup;
			name = Products;
			sourceTree = "<group>";
		};
		6F5B71102E7017EB001D0A5C /* Products */ = {
			isa = PBXGroup;
			name = Products;
			sourceTree = "<group>";
		};
/* End PBXGroup section */

/* Begin PBXNativeTarget section */
		6F4E43A22E6FE41300570861 /* OpenPhotos */ = {
			isa = PBXNativeTarget;
			buildConfigurationList = 6F4E43C52E6FE41400570861 /* Build configuration list for PBXNativeTarget "OpenPhotos" */;
			buildPhases = (
				6F4E439F2E6FE41300570861 /* Sources */,
				6F4E43A02E6FE41300570861 /* Frameworks */,
				6F4E43A12E6FE41300570861 /* Resources */,
			);
			buildRules = (
			);
			dependencies = (
			);
			fileSystemSynchronizedGroups = (
				6F4E43A52E6FE41300570861 /* OpenPhotos */,
			);
			name = OpenPhotos;
			packageProductDependencies = (
				6F5534362E8FE5E200DC8743 /* Clibsodium */,
				6F5534382E8FE5E200DC8743 /* Sodium */,
			);
			productName = OpenPhotos;
			productReference = 6F4E43A32E6FE41300570861 /* OpenPhotos.app */;
			productType = "com.apple.product-type.application";
		};
		6F4E43B02E6FE41400570861 /* OpenPhotosTests */ = {
			isa = PBXNativeTarget;
			buildConfigurationList = 6F4E43C82E6FE41400570861 /* Build configuration list for PBXNativeTarget "OpenPhotosTests" */;
			buildPhases = (
				6F4E43AD2E6FE41400570861 /* Sources */,
				6F4E43AE2E6FE41400570861 /* Frameworks */,
				6F4E43AF2E6FE41400570861 /* Resources */,
			);
			buildRules = (
			);
			dependencies = (
				6F4E43B32E6FE41400570861 /* PBXTargetDependency */,
			);
			name = OpenPhotosTests;
			packageProductDependencies = (
			);
			productName = OpenPhotosTests;
			productReference = 6F4E43B12E6FE41400570861 /* OpenPhotosTests.xctest */;
			productType = "com.apple.product-type.bundle.unit-test";
		};
		6F4E43BA2E6FE41400570861 /* OpenPhotosUITests */ = {
			isa = PBXNativeTarget;
			buildConfigurationList = 6F4E43CB2E6FE41400570861 /* Build configuration list for PBXNativeTarget "OpenPhotosUITests" */;
			buildPhases = (
				6F4E43B72E6FE41400570861 /* Sources */,
				6F4E43B82E6FE41400570861 /* Frameworks */,
				6F4E43B92E6FE41400570861 /* Resources */,
			);
			buildRules = (
			);
			dependencies = (
				6F4E43BD2E6FE41400570861 /* PBXTargetDependency */,
			);
			name = OpenPhotosUITests;
			packageProductDependencies = (
			);
			productName = OpenPhotosUITests;
			productReference = 6F4E43BB2E6FE41400570861 /* OpenPhotosUITests.xctest */;
			productType = "com.apple.product-type.bundle.ui-testing";
		};
/* End PBXNativeTarget section */

/* Begin PBXProject section */
		6F4E439B2E6FE41300570861 /* Project object */ = {
			isa = PBXProject;
			attributes = {
				BuildIndependentTargetsInParallel = 1;
				LastSwiftUpdateCheck = 1640;
				LastUpgradeCheck = 1640;
				TargetAttributes = {
					6F4E43A22E6FE41300570861 = {
						CreatedOnToolsVersion = 16.4;
					};
					6F4E43B02E6FE41400570861 = {
						CreatedOnToolsVersion = 16.4;
						TestTargetID = 6F4E43A22E6FE41300570861;
					};
					6F4E43BA2E6FE41400570861 = {
						CreatedOnToolsVersion = 16.4;
						TestTargetID = 6F4E43A22E6FE41300570861;
					};
				};
			};
			buildConfigurationList = 6F4E439E2E6FE41300570861 /* Build configuration list for PBXProject "OpenPhotosSwift" */;
			developmentRegion = en;
			hasScannedForEncodings = 0;
			knownRegions = (
				en,
				Base,
			);
			mainGroup = 6F4E439A2E6FE41300570861;
			minimizedProjectReferenceProxies = 1;
			packageReferences = (
				6F5534352E8FE5E200DC8743 /* XCRemoteSwiftPackageReference "swift-sodium" */,
			);
			preferredProjectObjectVersion = 77;
			productRefGroup = 6F4E43A42E6FE41300570861 /* Products */;
			projectDirPath = "";
			projectReferences = (
				{
					ProductGroup = 6F5B71102E7017EB001D0A5C /* Products */;
					ProjectRef = 6F5B71072E7017EB001D0A5C /* OpenPhotos.xcodeproj */;
				},
				{
					ProductGroup = 6F5B70AF2E701282001D0A5C /* Products */;
					ProjectRef = 6F5B70A62E701282001D0A5C /* OpenPhotos.xcodeproj */;
				},
				{
					ProductGroup = 6F5B70C42E7013AC001D0A5C /* Products */;
					ProjectRef = 6F5B70BC2E7013AC001D0A5C /* OpenPhotos.xcodeproj */;
				},
				{
					ProductGroup = 6F5B70DF2E70164C001D0A5C /* Products */;
					ProjectRef = 6F5B70D52E70164C001D0A5C /* OpenPhotos.xcodeproj */;
				},
			);
			projectRoot = "";
			targets = (
				6F4E43A22E6FE41300570861 /* OpenPhotos */,
				6F4E43B02E6FE41400570861 /* OpenPhotosTests */,
				6F4E43BA2E6FE41400570861 /* OpenPhotosUITests */,
			);
		};
/* End PBXProject section */

/* Begin PBXResourcesBuildPhase section */
		6F4E43A12E6FE41300570861 /* Resources */ = {
			isa = PBXResourcesBuildPhase;
			buildActionMask = 2147483647;
			files = (
			);
			runOnlyForDeploymentPostprocessing = 0;
		};
		6F4E43AF2E6FE41400570861 /* Resources */ = {
			isa = PBXResourcesBuildPhase;
			buildActionMask = 2147483647;
			files = (
			);
			runOnlyForDeploymentPostprocessing = 0;
		};
		6F4E43B92E6FE41400570861 /* Resources */ = {
			isa = PBXResourcesBuildPhase;
			buildActionMask = 2147483647;
			files = (
			);
			runOnlyForDeploymentPostprocessing = 0;
		};
/* End PBXResourcesBuildPhase section */

/* Begin PBXSourcesBuildPhase section */
		6F4E439F2E6FE41300570861 /* Sources */ = {
			isa = PBXSourcesBuildPhase;
			buildActionMask = 2147483647;
			files = (
			);
			runOnlyForDeploymentPostprocessing = 0;
		};
		6F4E43AD2E6FE41400570861 /* Sources */ = {
			isa = PBXSourcesBuildPhase;
			buildActionMask = 2147483647;
			files = (
			);
			runOnlyForDeploymentPostprocessing = 0;
		};
		6F4E43B72E6FE41400570861 /* Sources */ = {
			isa = PBXSourcesBuildPhase;
			buildActionMask = 2147483647;
			files = (
			);
			runOnlyForDeploymentPostprocessing = 0;
		};
/* End PBXSourcesBuildPhase section */

/* Begin PBXTargetDependency section */
		6F4E43B32E6FE41400570861 /* PBXTargetDependency */ = {
			isa = PBXTargetDependency;
			target = 6F4E43A22E6FE41300570861 /* OpenPhotos */;
			targetProxy = 6F4E43B22E6FE41400570861 /* PBXContainerItemProxy */;
		};
		6F4E43BD2E6FE41400570861 /* PBXTargetDependency */ = {
			isa = PBXTargetDependency;
			target = 6F4E43A22E6FE41300570861 /* OpenPhotos */;
			targetProxy = 6F4E43BC2E6FE41400570861 /* PBXContainerItemProxy */;
		};
/* End PBXTargetDependency section */

/* Begin XCBuildConfiguration section */
		6F4E43C32E6FE41400570861 /* Debug */ = {
			isa = XCBuildConfiguration;
			buildSettings = {
				ALWAYS_SEARCH_USER_PATHS = NO;
				ASSETCATALOG_COMPILER_GENERATE_SWIFT_ASSET_SYMBOL_EXTENSIONS = YES;
				CLANG_ANALYZER_NONNULL = YES;
				CLANG_ANALYZER_NUMBER_OBJECT_CONVERSION = YES_AGGRESSIVE;
				CLANG_CXX_LANGUAGE_STANDARD = "gnu++20";
				CLANG_ENABLE_MODULES = YES;
				CLANG_ENABLE_OBJC_ARC = YES;
				CLANG_ENABLE_OBJC_WEAK = YES;
				CLANG_WARN_BLOCK_CAPTURE_AUTORELEASING = YES;
				CLANG_WARN_BOOL_CONVERSION = YES;
				CLANG_WARN_COMMA = YES;
				CLANG_WARN_CONSTANT_CONVERSION = YES;
				CLANG_WARN_DEPRECATED_OBJC_IMPLEMENTATIONS = YES;
				CLANG_WARN_DIRECT_OBJC_ISA_USAGE = YES_ERROR;
				CLANG_WARN_DOCUMENTATION_COMMENTS = YES;
				CLANG_WARN_EMPTY_BODY = YES;
				CLANG_WARN_ENUM_CONVERSION = YES;
				CLANG_WARN_INFINITE_RECURSION = YES;
				CLANG_WARN_INT_CONVERSION = YES;
				CLANG_WARN_NON_LITERAL_NULL_CONVERSION = YES;
				CLANG_WARN_OBJC_IMPLICIT_RETAIN_SELF = YES;
				CLANG_WARN_OBJC_LITERAL_CONVERSION = YES;
				CLANG_WARN_OBJC_ROOT_CLASS = YES_ERROR;
				CLANG_WARN_QUOTED_INCLUDE_IN_FRAMEWORK_HEADER = YES;
				CLANG_WARN_RANGE_LOOP_ANALYSIS = YES;
				CLANG_WARN_STRICT_PROTOTYPES = YES;
				CLANG_WARN_SUSPICIOUS_MOVE = YES;
				CLANG_WARN_UNGUARDED_AVAILABILITY = YES_AGGRESSIVE;
				CLANG_WARN_UNREACHABLE_CODE = YES;
				CLANG_WARN__DUPLICATE_METHOD_MATCH = YES;
				COPY_PHASE_STRIP = NO;
				DEBUG_INFORMATION_FORMAT = dwarf;
				ENABLE_STRICT_OBJC_MSGSEND = YES;
				ENABLE_TESTABILITY = YES;
				ENABLE_USER_SCRIPT_SANDBOXING = YES;
				GCC_C_LANGUAGE_STANDARD = gnu17;
				GCC_DYNAMIC_NO_PIC = NO;
				GCC_NO_COMMON_BLOCKS = YES;
				GCC_OPTIMIZATION_LEVEL = 0;
				GCC_PREPROCESSOR_DEFINITIONS = (
					"DEBUG=1",
					"$(inherited)",
				);
				GCC_WARN_64_TO_32_BIT_CONVERSION = YES;
				GCC_WARN_ABOUT_RETURN_TYPE = YES_ERROR;
				GCC_WARN_UNDECLARED_SELECTOR = YES;
				GCC_WARN_UNINITIALIZED_AUTOS = YES_AGGRESSIVE;
				GCC_WARN_UNUSED_FUNCTION = YES;
				GCC_WARN_UNUSED_VARIABLE = YES;
				LOCALIZATION_PREFERS_STRING_CATALOGS = YES;
				MTL_ENABLE_DEBUG_INFO = INCLUDE_SOURCE;
				MTL_FAST_MATH = YES;
				ONLY_ACTIVE_ARCH = YES;
				SWIFT_ACTIVE_COMPILATION_CONDITIONS = "DEBUG $(inherited)";
				SWIFT_OPTIMIZATION_LEVEL = "-Onone";
			};
			name = Debug;
		};
		6F4E43C42E6FE41400570861 /* Release */ = {
			isa = XCBuildConfiguration;
			buildSettings = {
				ALWAYS_SEARCH_USER_PATHS = NO;
				ASSETCATALOG_COMPILER_GENERATE_SWIFT_ASSET_SYMBOL_EXTENSIONS = YES;
				CLANG_ANALYZER_NONNULL = YES;
				CLANG_ANALYZER_NUMBER_OBJECT_CONVERSION = YES_AGGRESSIVE;
				CLANG_CXX_LANGUAGE_STANDARD = "gnu++20";
				CLANG_ENABLE_MODULES = YES;
				CLANG_ENABLE_OBJC_ARC = YES;
				CLANG_ENABLE_OBJC_WEAK = YES;
				CLANG_WARN_BLOCK_CAPTURE_AUTORELEASING = YES;
				CLANG_WARN_BOOL_CONVERSION = YES;
				CLANG_WARN_COMMA = YES;
				CLANG_WARN_CONSTANT_CONVERSION = YES;
				CLANG_WARN_DEPRECATED_OBJC_IMPLEMENTATIONS = YES;
				CLANG_WARN_DIRECT_OBJC_ISA_USAGE = YES_ERROR;
				CLANG_WARN_DOCUMENTATION_COMMENTS = YES;
				CLANG_WARN_EMPTY_BODY = YES;
				CLANG_WARN_ENUM_CONVERSION = YES;
				CLANG_WARN_INFINITE_RECURSION = YES;
				CLANG_WARN_INT_CONVERSION = YES;
				CLANG_WARN_NON_LITERAL_NULL_CONVERSION = YES;
				CLANG_WARN_OBJC_IMPLICIT_RETAIN_SELF = YES;
				CLANG_WARN_OBJC_LITERAL_CONVERSION = YES;
				CLANG_WARN_OBJC_ROOT_CLASS = YES_ERROR;
				CLANG_WARN_QUOTED_INCLUDE_IN_FRAMEWORK_HEADER = YES;
				CLANG_WARN_RANGE_LOOP_ANALYSIS = YES;
				CLANG_WARN_STRICT_PROTOTYPES = YES;
				CLANG_WARN_SUSPICIOUS_MOVE = YES;
				CLANG_WARN_UNGUARDED_AVAILABILITY = YES_AGGRESSIVE;
				CLANG_WARN_UNREACHABLE_CODE = YES;
				CLANG_WARN__DUPLICATE_METHOD_MATCH = YES;
				COPY_PHASE_STRIP = NO;
				DEBUG_INFORMATION_FORMAT = "dwarf-with-dsym";
				ENABLE_NS_ASSERTIONS = NO;
				ENABLE_STRICT_OBJC_MSGSEND = YES;
				ENABLE_USER_SCRIPT_SANDBOXING = YES;
				GCC_C_LANGUAGE_STANDARD = gnu17;
				GCC_NO_COMMON_BLOCKS = YES;
				GCC_WARN_64_TO_32_BIT_CONVERSION = YES;
				GCC_WARN_ABOUT_RETURN_TYPE = YES_ERROR;
				GCC_WARN_UNDECLARED_SELECTOR = YES;
				GCC_WARN_UNINITIALIZED_AUTOS = YES_AGGRESSIVE;
				GCC_WARN_UNUSED_FUNCTION = YES;
				GCC_WARN_UNUSED_VARIABLE = YES;
				LOCALIZATION_PREFERS_STRING_CATALOGS = YES;
				MTL_ENABLE_DEBUG_INFO = NO;
				MTL_FAST_MATH = YES;
				SWIFT_COMPILATION_MODE = wholemodule;
			};
			name = Release;
		};
		6F4E43C62E6FE41400570861 /* Debug */ = {
			isa = XCBuildConfiguration;
			buildSettings = {
				ASSETCATALOG_COMPILER_APPICON_NAME = AppIcon;
				ASSETCATALOG_COMPILER_GLOBAL_ACCENT_COLOR_NAME = AccentColor;
				CODE_SIGN_ENTITLEMENTS = OpenPhotos/OpenPhotos.entitlements;
				CODE_SIGN_STYLE = Automatic;
				CURRENT_PROJECT_VERSION = 2;
				DEVELOPMENT_TEAM = QJJD9QHR9E;
				ENABLE_PREVIEWS = YES;
				GENERATE_INFOPLIST_FILE = NO;
				INFOPLIST_FILE = "OpenPhotos/AppDev-Info.plist";
				INFOPLIST_KEY_NSPhotoLibraryUsageDescription = "OpenPhotos needs access to your photo library to organize and clean up your photos.";
				"INFOPLIST_KEY_UIApplicationSceneManifest_Generation[sdk=iphoneos*]" = YES;
				"INFOPLIST_KEY_UIApplicationSceneManifest_Generation[sdk=iphonesimulator*]" = YES;
				"INFOPLIST_KEY_UIApplicationSupportsIndirectInputEvents[sdk=iphoneos*]" = YES;
				"INFOPLIST_KEY_UIApplicationSupportsIndirectInputEvents[sdk=iphonesimulator*]" = YES;
				"INFOPLIST_KEY_UILaunchScreen_Generation[sdk=iphoneos*]" = YES;
				"INFOPLIST_KEY_UILaunchScreen_Generation[sdk=iphonesimulator*]" = YES;
				"INFOPLIST_KEY_UIStatusBarStyle[sdk=iphoneos*]" = UIStatusBarStyleDefault;
				"INFOPLIST_KEY_UIStatusBarStyle[sdk=iphonesimulator*]" = UIStatusBarStyleDefault;
				INFOPLIST_KEY_UISupportedInterfaceOrientations_iPad = "UIInterfaceOrientationPortrait UIInterfaceOrientationPortraitUpsideDown UIInterfaceOrientationLandscapeLeft UIInterfaceOrientationLandscapeRight";
				INFOPLIST_KEY_UISupportedInterfaceOrientations_iPhone = "UIInterfaceOrientationPortrait UIInterfaceOrientationLandscapeLeft UIInterfaceOrientationLandscapeRight";
				IPHONEOS_DEPLOYMENT_TARGET = 18.5;
				LD_RUNPATH_SEARCH_PATHS = "@executable_path/Frameworks";
				"LD_RUNPATH_SEARCH_PATHS[sdk=macosx*]" = "@executable_path/../Frameworks";
				MACOSX_DEPLOYMENT_TARGET = 15.5;
				MARKETING_VERSION = 2.3;
				PRODUCT_BUNDLE_IDENTIFIER = openphotos;
				PRODUCT_NAME = "$(TARGET_NAME)";
				REGISTER_APP_GROUPS = YES;
				SDKROOT = auto;
				SUPPORTED_PLATFORMS = "iphoneos iphonesimulator macosx xros xrsimulator";
				SWIFT_EMIT_LOC_STRINGS = YES;
				SWIFT_VERSION = 5.0;
				TARGETED_DEVICE_FAMILY = "1,2,7";
				XROS_DEPLOYMENT_TARGET = 2.5;
			};
			name = Debug;
		};
		6F4E43C72E6FE41400570861 /* Release */ = {
			isa = XCBuildConfiguration;
			buildSettings = {
				ASSETCATALOG_COMPILER_APPICON_NAME = AppIcon;
				ASSETCATALOG_COMPILER_GLOBAL_ACCENT_COLOR_NAME = AccentColor;
				CODE_SIGN_ENTITLEMENTS = OpenPhotos/OpenPhotos.entitlements;
				CODE_SIGN_STYLE = Automatic;
				CURRENT_PROJECT_VERSION = 2;
				DEVELOPMENT_TEAM = QJJD9QHR9E;
				ENABLE_PREVIEWS = YES;
				GENERATE_INFOPLIST_FILE = NO;
				INFOPLIST_FILE = "OpenPhotos/AppDev-Info.plist";
				INFOPLIST_KEY_NSPhotoLibraryUsageDescription = "OpenPhotos needs access to your photo library to organize and clean up your photos.";
				"INFOPLIST_KEY_UIApplicationSceneManifest_Generation[sdk=iphoneos*]" = YES;
				"INFOPLIST_KEY_UIApplicationSceneManifest_Generation[sdk=iphonesimulator*]" = YES;
				"INFOPLIST_KEY_UIApplicationSupportsIndirectInputEvents[sdk=iphoneos*]" = YES;
				"INFOPLIST_KEY_UIApplicationSupportsIndirectInputEvents[sdk=iphonesimulator*]" = YES;
				"INFOPLIST_KEY_UILaunchScreen_Generation[sdk=iphoneos*]" = YES;
				"INFOPLIST_KEY_UILaunchScreen_Generation[sdk=iphonesimulator*]" = YES;
				"INFOPLIST_KEY_UIStatusBarStyle[sdk=iphoneos*]" = UIStatusBarStyleDefault;
				"INFOPLIST_KEY_UIStatusBarStyle[sdk=iphonesimulator*]" = UIStatusBarStyleDefault;
				INFOPLIST_KEY_UISupportedInterfaceOrientations_iPad = "UIInterfaceOrientationPortrait UIInterfaceOrientationPortraitUpsideDown UIInterfaceOrientationLandscapeLeft UIInterfaceOrientationLandscapeRight";
				INFOPLIST_KEY_UISupportedInterfaceOrientations_iPhone = "UIInterfaceOrientationPortrait UIInterfaceOrientationLandscapeLeft UIInterfaceOrientationLandscapeRight";
				IPHONEOS_DEPLOYMENT_TARGET = 18.5;
				LD_RUNPATH_SEARCH_PATHS = "@executable_path/Frameworks";
				"LD_RUNPATH_SEARCH_PATHS[sdk=macosx*]" = "@executable_path/../Frameworks";
				MACOSX_DEPLOYMENT_TARGET = 15.5;
				MARKETING_VERSION = 2.3;
				PRODUCT_BUNDLE_IDENTIFIER = openphotos;
				PRODUCT_NAME = "$(TARGET_NAME)";
				REGISTER_APP_GROUPS = YES;
				SDKROOT = auto;
				SUPPORTED_PLATFORMS = "iphoneos iphonesimulator macosx xros xrsimulator";
				SWIFT_EMIT_LOC_STRINGS = YES;
				SWIFT_VERSION = 5.0;
				TARGETED_DEVICE_FAMILY = "1,2,7";
				XROS_DEPLOYMENT_TARGET = 2.5;
			};
			name = Release;
		};
		6F4E43C92E6FE41400570861 /* Debug */ = {
			isa = XCBuildConfiguration;
			buildSettings = {
				BUNDLE_LOADER = "$(TEST_HOST)";
				CODE_SIGN_STYLE = Automatic;
				CURRENT_PROJECT_VERSION = 2;
				DEVELOPMENT_TEAM = QJJD9QHR9E;
				GENERATE_INFOPLIST_FILE = YES;
				IPHONEOS_DEPLOYMENT_TARGET = 18.5;
				MACOSX_DEPLOYMENT_TARGET = 15.5;
				MARKETING_VERSION = 2.3;
				PRODUCT_BUNDLE_IDENTIFIER = OpenPhotos.OpenPhotosTests;
				PRODUCT_NAME = "$(TARGET_NAME)";
				SDKROOT = auto;
				SUPPORTED_PLATFORMS = "iphoneos iphonesimulator macosx xros xrsimulator";
				SWIFT_EMIT_LOC_STRINGS = NO;
				SWIFT_VERSION = 5.0;
				TARGETED_DEVICE_FAMILY = "1,2,7";
				TEST_HOST = "$(BUILT_PRODUCTS_DIR)/OpenPhotos.app/$(BUNDLE_EXECUTABLE_FOLDER_PATH)/OpenPhotos";
				XROS_DEPLOYMENT_TARGET = 2.5;
			};
			name = Debug;
		};
		6F4E43CA2E6FE41400570861 /* Release */ = {
			isa = XCBuildConfiguration;
			buildSettings = {
				BUNDLE_LOADER = "$(TEST_HOST)";
				CODE_SIGN_STYLE = Automatic;
				CURRENT_PROJECT_VERSION = 2;
				DEVELOPMENT_TEAM = QJJD9QHR9E;
				GENERATE_INFOPLIST_FILE = YES;
				IPHONEOS_DEPLOYMENT_TARGET = 18.5;
				MACOSX_DEPLOYMENT_TARGET = 15.5;
				MARKETING_VERSION = 2.3;
				PRODUCT_BUNDLE_IDENTIFIER = OpenPhotos.OpenPhotosTests;
				PRODUCT_NAME = "$(TARGET_NAME)";
				SDKROOT = auto;
				SUPPORTED_PLATFORMS = "iphoneos iphonesimulator macosx xros xrsimulator";
				SWIFT_EMIT_LOC_STRINGS = NO;
				SWIFT_VERSION = 5.0;
				TARGETED_DEVICE_FAMILY = "1,2,7";
				TEST_HOST = "$(BUILT_PRODUCTS_DIR)/OpenPhotos.app/$(BUNDLE_EXECUTABLE_FOLDER_PATH)/OpenPhotos";
				XROS_DEPLOYMENT_TARGET = 2.5;
			};
			name = Release;
		};
		6F4E43CC2E6FE41400570861 /* Debug */ = {
			isa = XCBuildConfiguration;
			buildSettings = {
				CODE_SIGN_STYLE = Automatic;
				CURRENT_PROJECT_VERSION = 2;
				GENERATE_INFOPLIST_FILE = YES;
				IPHONEOS_DEPLOYMENT_TARGET = 18.5;
				MACOSX_DEPLOYMENT_TARGET = 15.5;
				MARKETING_VERSION = 2.3;
				PRODUCT_BUNDLE_IDENTIFIER = OpenPhotos.OpenPhotosUITests;
				PRODUCT_NAME = "$(TARGET_NAME)";
				SDKROOT = auto;
				SUPPORTED_PLATFORMS = "iphoneos iphonesimulator macosx xros xrsimulator";
				SWIFT_EMIT_LOC_STRINGS = NO;
				SWIFT_VERSION = 5.0;
				TARGETED_DEVICE_FAMILY = "1,2,7";
				TEST_TARGET_NAME = OpenPhotos;
				XROS_DEPLOYMENT_TARGET = 2.5;
			};
			name = Debug;
		};
		6F4E43CD2E6FE41400570861 /* Release */ = {
			isa = XCBuildConfiguration;
			buildSettings = {
				CODE_SIGN_STYLE = Automatic;
				CURRENT_PROJECT_VERSION = 2;
				GENERATE_INFOPLIST_FILE = YES;
				IPHONEOS_DEPLOYMENT_TARGET = 18.5;
				MACOSX_DEPLOYMENT_TARGET = 15.5;
				MARKETING_VERSION = 2.3;
				PRODUCT_BUNDLE_IDENTIFIER = OpenPhotos.OpenPhotosUITests;
				PRODUCT_NAME = "$(TARGET_NAME)";
				SDKROOT = auto;
				SUPPORTED_PLATFORMS = "iphoneos iphonesimulator macosx xros xrsimulator";
				SWIFT_EMIT_LOC_STRINGS = NO;
				SWIFT_VERSION = 5.0;
				TARGETED_DEVICE_FAMILY = "1,2,7";
				TEST_TARGET_NAME = OpenPhotos;
				XROS_DEPLOYMENT_TARGET = 2.5;
			};
			name = Release;
		};
/* End XCBuildConfiguration section */

/* Begin XCConfigurationList section */
		6F4E439E2E6FE41300570861 /* Build configuration list for PBXProject "OpenPhotosSwift" */ = {
			isa = XCConfigurationList;
			buildConfigurations = (
				6F4E43C32E6FE41400570861 /* Debug */,
				6F4E43C42E6FE41400570861 /* Release */,
			);
			defaultConfigurationIsVisible = 0;
			defaultConfigurationName = Release;
		};
		6F4E43C52E6FE41400570861 /* Build configuration list for PBXNativeTarget "OpenPhotos" */ = {
			isa = XCConfigurationList;
			buildConfigurations = (
				6F4E43C62E6FE41400570861 /* Debug */,
				6F4E43C72E6FE41400570861 /* Release */,
			);
			defaultConfigurationIsVisible = 0;
			defaultConfigurationName = Release;
		};
		6F4E43C82E6FE41400570861 /* Build configuration list for PBXNativeTarget "OpenPhotosTests" */ = {
			isa = XCConfigurationList;
			buildConfigurations = (
				6F4E43C92E6FE41400570861 /* Debug */,
				6F4E43CA2E6FE41400570861 /* Release */,
			);
			defaultConfigurationIsVisible = 0;
			defaultConfigurationName = Release;
		};
		6F4E43CB2E6FE41400570861 /* Build configuration list for PBXNativeTarget "OpenPhotosUITests" */ = {
			isa = XCConfigurationList;
			buildConfigurations = (
				6F4E43CC2E6FE41400570861 /* Debug */,
				6F4E43CD2E6FE41400570861 /* Release */,
			);
			defaultConfigurationIsVisible = 0;
			defaultConfigurationName = Release;
		};
/* End XCConfigurationList section */

/* Begin XCRemoteSwiftPackageReference section */
		6F5534352E8FE5E200DC8743 /* XCRemoteSwiftPackageReference "swift-sodium" */ = {
			isa = XCRemoteSwiftPackageReference;
			repositoryURL = "https://github.com/jedisct1/swift-sodium";
			requirement = {
				kind = upToNextMajorVersion;
				minimumVersion = 0.9.1;
			};
		};
/* End XCRemoteSwiftPackageReference section */

/* Begin XCSwiftPackageProductDependency section */
		6F5534362E8FE5E200DC8743 /* Clibsodium */ = {
			isa = XCSwiftPackageProductDependency;
			package = 6F5534352E8FE5E200DC8743 /* XCRemoteSwiftPackageReference "swift-sodium" */;
			productName = Clibsodium;
		};
		6F5534382E8FE5E200DC8743 /* Sodium */ = {
			isa = XCSwiftPackageProductDependency;
			package = 6F5534352E8FE5E200DC8743 /* XCRemoteSwiftPackageReference "swift-sodium" */;
			productName = Sodium;
		};
/* End XCSwiftPackageProductDependency section */
	};
	rootObject = 6F4E439B2E6FE41300570861 /* Project object */;
}
